// !$*UTF8*$!
{
	archiveVersion = 1;
	classes = {
	};
	objectVersion = 50;
	objects = {

/* Begin PBXBuildFile section */
		AC769A7C20E19C8900DF7484 /* AppDelegate.swift in Sources */ = {isa = PBXBuildFile; fileRef = AC769A7B20E19C8900DF7484 /* AppDelegate.swift */; };
		AC769A8120E19C8900DF7484 /* Main.storyboard in Resources */ = {isa = PBXBuildFile; fileRef = AC769A7F20E19C8900DF7484 /* Main.storyboard */; };
		AC769A8320E19C8B00DF7484 /* Assets.xcassets in Resources */ = {isa = PBXBuildFile; fileRef = AC769A8220E19C8B00DF7484 /* Assets.xcassets */; };
		AC769A8620E19C8B00DF7484 /* LaunchScreen.storyboard in Resources */ = {isa = PBXBuildFile; fileRef = AC769A8420E19C8B00DF7484 /* LaunchScreen.storyboard */; };
		AC769A9220E2267000DF7484 /* ImageDownloadViewController.swift in Sources */ = {isa = PBXBuildFile; fileRef = AC769A9120E2267000DF7484 /* ImageDownloadViewController.swift */; };
		AC769A9520E22A4A00DF7484 /* ImageDownloader.swift in Sources */ = {isa = PBXBuildFile; fileRef = AC769A9420E22A4A00DF7484 /* ImageDownloader.swift */; };
		AC769A9920E22A8E00DF7484 /* UIViewController+HideKeyboard.swift in Sources */ = {isa = PBXBuildFile; fileRef = AC769A9720E22A8D00DF7484 /* UIViewController+HideKeyboard.swift */; };
		AC769A9C20E22AF600DF7484 /* AlertMessageShowing.swift in Sources */ = {isa = PBXBuildFile; fileRef = AC769A9B20E22AF600DF7484 /* AlertMessageShowing.swift */; };
		AC769AA120E22B6000DF7484 /* ImageDownloadPresenter.swift in Sources */ = {isa = PBXBuildFile; fileRef = AC769AA020E22B6000DF7484 /* ImageDownloadPresenter.swift */; };
		AC769AA920E22CA200DF7484 /* TextConstants.swift in Sources */ = {isa = PBXBuildFile; fileRef = AC769AA620E22CA200DF7484 /* TextConstants.swift */; };
/* End PBXBuildFile section */

/* Begin PBXFileReference section */
		AC769A7820E19C8900DF7484 /* ImageDownloader.app */ = {isa = PBXFileReference; explicitFileType = wrapper.application; includeInIndex = 0; path = ImageDownloader.app; sourceTree = BUILT_PRODUCTS_DIR; };
		AC769A7B20E19C8900DF7484 /* AppDelegate.swift */ = {isa = PBXFileReference; lastKnownFileType = sourcecode.swift; path = AppDelegate.swift; sourceTree = "<group>"; };
		AC769A8020E19C8900DF7484 /* Base */ = {isa = PBXFileReference; lastKnownFileType = file.storyboard; name = Base; path = Base.lproj/Main.storyboard; sourceTree = "<group>"; };
		AC769A8220E19C8B00DF7484 /* Assets.xcassets */ = {isa = PBXFileReference; lastKnownFileType = folder.assetcatalog; path = Assets.xcassets; sourceTree = "<group>"; };
		AC769A8520E19C8B00DF7484 /* Base */ = {isa = PBXFileReference; lastKnownFileType = file.storyboard; name = Base; path = Base.lproj/LaunchScreen.storyboard; sourceTree = "<group>"; };
		AC769A8720E19C8B00DF7484 /* Info.plist */ = {isa = PBXFileReference; lastKnownFileType = text.plist.xml; path = Info.plist; sourceTree = "<group>"; };
		AC769A9120E2267000DF7484 /* ImageDownloadViewController.swift */ = {isa = PBXFileReference; lastKnownFileType = sourcecode.swift; path = ImageDownloadViewController.swift; sourceTree = "<group>"; };
		AC769A9420E22A4A00DF7484 /* ImageDownloader.swift */ = {isa = PBXFileReference; lastKnownFileType = sourcecode.swift; path = ImageDownloader.swift; sourceTree = "<group>"; };
		AC769A9720E22A8D00DF7484 /* UIViewController+HideKeyboard.swift */ = {isa = PBXFileReference; fileEncoding = 4; lastKnownFileType = sourcecode.swift; path = "UIViewController+HideKeyboard.swift"; sourceTree = "<group>"; };
		AC769A9B20E22AF600DF7484 /* AlertMessageShowing.swift */ = {isa = PBXFileReference; fileEncoding = 4; lastKnownFileType = sourcecode.swift; path = AlertMessageShowing.swift; sourceTree = "<group>"; };
		AC769AA020E22B6000DF7484 /* ImageDownloadPresenter.swift */ = {isa = PBXFileReference; lastKnownFileType = sourcecode.swift; path = ImageDownloadPresenter.swift; sourceTree = "<group>"; };
		AC769AA620E22CA200DF7484 /* TextConstants.swift */ = {isa = PBXFileReference; fileEncoding = 4; lastKnownFileType = sourcecode.swift; path = TextConstants.swift; sourceTree = "<group>"; };
/* End PBXFileReference section */

/* Begin PBXFrameworksBuildPhase section */
		AC769A7520E19C8900DF7484 /* Frameworks */ = {
			isa = PBXFrameworksBuildPhase;
			buildActionMask = 2147483647;
			files = (
			);
			runOnlyForDeploymentPostprocessing = 0;
		};
/* End PBXFrameworksBuildPhase section */

/* Begin PBXGroup section */
		AC769A6F20E19C8900DF7484 = {
			isa = PBXGroup;
			children = (
				AC769A8D20E19CF100DF7484 /* Src */,
				AC769A7A20E19C8900DF7484 /* ImageDownloader */,
				AC769A7920E19C8900DF7484 /* Products */,
			);
			sourceTree = "<group>";
		};
		AC769A7920E19C8900DF7484 /* Products */ = {
			isa = PBXGroup;
			children = (
				AC769A7820E19C8900DF7484 /* ImageDownloader.app */,
			);
			name = Products;
			sourceTree = "<group>";
		};
		AC769A7A20E19C8900DF7484 /* ImageDownloader */ = {
			isa = PBXGroup;
			children = (
				AC769A7B20E19C8900DF7484 /* AppDelegate.swift */,
				AC769A8220E19C8B00DF7484 /* Assets.xcassets */,
				AC769A8720E19C8B00DF7484 /* Info.plist */,
			);
			path = ImageDownloader;
			sourceTree = "<group>";
		};
		AC769A8D20E19CF100DF7484 /* Src */ = {
			isa = PBXGroup;
			children = (
				AC769A8420E19C8B00DF7484 /* LaunchScreen.storyboard */,
				AC769A9E20E22B3500DF7484 /* ImageDownloadModule */,
				AC769A9D20E22AF800DF7484 /* Protocols */,
				AC769A9620E22A8D00DF7484 /* Extensions */,
				AC769A9320E22A3B00DF7484 /* Services */,
				AC769AA220E22CA200DF7484 /* Utilities */,
			);
			path = Src;
			sourceTree = "<group>";
		};
		AC769A9020E2265500DF7484 /* View */ = {
			isa = PBXGroup;
			children = (
				AC769A9120E2267000DF7484 /* ImageDownloadViewController.swift */,
			);
			path = View;
			sourceTree = "<group>";
		};
		AC769A9320E22A3B00DF7484 /* Services */ = {
			isa = PBXGroup;
			children = (
				AC769A9420E22A4A00DF7484 /* ImageDownloader.swift */,
			);
			path = Services;
			sourceTree = "<group>";
		};
		AC769A9620E22A8D00DF7484 /* Extensions */ = {
			isa = PBXGroup;
			children = (
				AC769A9720E22A8D00DF7484 /* UIViewController+HideKeyboard.swift */,
			);
			path = Extensions;
			sourceTree = "<group>";
		};
		AC769A9D20E22AF800DF7484 /* Protocols */ = {
			isa = PBXGroup;
			children = (
				AC769A9B20E22AF600DF7484 /* AlertMessageShowing.swift */,
			);
			path = Protocols;
			sourceTree = "<group>";
		};
		AC769A9E20E22B3500DF7484 /* ImageDownloadModule */ = {
			isa = PBXGroup;
			children = (
				AC769A7F20E19C8900DF7484 /* Main.storyboard */,
				AC769A9020E2265500DF7484 /* View */,
				AC769A9F20E22B4800DF7484 /* Presenter */,
			);
			path = ImageDownloadModule;
			sourceTree = "<group>";
		};
		AC769A9F20E22B4800DF7484 /* Presenter */ = {
			isa = PBXGroup;
			children = (
				AC769AA020E22B6000DF7484 /* ImageDownloadPresenter.swift */,
			);
			path = Presenter;
			sourceTree = "<group>";
		};
		AC769AA220E22CA200DF7484 /* Utilities */ = {
			isa = PBXGroup;
			children = (
				AC769AA320E22CA200DF7484 /* Constants */,
			);
			path = Utilities;
			sourceTree = "<group>";
		};
		AC769AA320E22CA200DF7484 /* Constants */ = {
			isa = PBXGroup;
			children = (
				AC769AA620E22CA200DF7484 /* TextConstants.swift */,
			);
			path = Constants;
			sourceTree = "<group>";
		};
/* End PBXGroup section */

/* Begin PBXNativeTarget section */
		AC769A7720E19C8900DF7484 /* ImageDownloader */ = {
			isa = PBXNativeTarget;
			buildConfigurationList = AC769A8A20E19C8B00DF7484 /* Build configuration list for PBXNativeTarget "ImageDownloader" */;
			buildPhases = (
				AC769A7420E19C8900DF7484 /* Sources */,
				AC769A7520E19C8900DF7484 /* Frameworks */,
				AC769A7620E19C8900DF7484 /* Resources */,
			);
			buildRules = (
			);
			dependencies = (
			);
			name = ImageDownloader;
			productName = ImageDownloader;
			productReference = AC769A7820E19C8900DF7484 /* ImageDownloader.app */;
			productType = "com.apple.product-type.application";
		};
/* End PBXNativeTarget section */

/* Begin PBXProject section */
		AC769A7020E19C8900DF7484 /* Project object */ = {
			isa = PBXProject;
			attributes = {
				LastSwiftUpdateCheck = 0940;
				LastUpgradeCheck = 0940;
				ORGANIZATIONNAME = artemmysik;
				TargetAttributes = {
					AC769A7720E19C8900DF7484 = {
						CreatedOnToolsVersion = 9.4.1;
					};
				};
			};
			buildConfigurationList = AC769A7320E19C8900DF7484 /* Build configuration list for PBXProject "ImageDownloader" */;
			compatibilityVersion = "Xcode 9.3";
			developmentRegion = en;
			hasScannedForEncodings = 0;
			knownRegions = (
				en,
				Base,
			);
			mainGroup = AC769A6F20E19C8900DF7484;
			productRefGroup = AC769A7920E19C8900DF7484 /* Products */;
			projectDirPath = "";
			projectRoot = "";
			targets = (
				AC769A7720E19C8900DF7484 /* ImageDownloader */,
			);
		};
/* End PBXProject section */

/* Begin PBXResourcesBuildPhase section */
		AC769A7620E19C8900DF7484 /* Resources */ = {
			isa = PBXResourcesBuildPhase;
			buildActionMask = 2147483647;
			files = (
				AC769A8620E19C8B00DF7484 /* LaunchScreen.storyboard in Resources */,
				AC769A8320E19C8B00DF7484 /* Assets.xcassets in Resources */,
				AC769A8120E19C8900DF7484 /* Main.storyboard in Resources */,
			);
			runOnlyForDeploymentPostprocessing = 0;
		};
/* End PBXResourcesBuildPhase section */

/* Begin PBXSourcesBuildPhase section */
		AC769A7420E19C8900DF7484 /* Sources */ = {
			isa = PBXSourcesBuildPhase;
			buildActionMask = 2147483647;
			files = (
				AC769A9220E2267000DF7484 /* ImageDownloadViewController.swift in Sources */,
				AC769A9C20E22AF600DF7484 /* AlertMessageShowing.swift in Sources */,
				AC769A9920E22A8E00DF7484 /* UIViewController+HideKeyboard.swift in Sources */,
				AC769AA920E22CA200DF7484 /* TextConstants.swift in Sources */,
				AC769A9520E22A4A00DF7484 /* ImageDownloader.swift in Sources */,
				AC769AA120E22B6000DF7484 /* ImageDownloadPresenter.swift in Sources */,
				AC769A7C20E19C8900DF7484 /* AppDelegate.swift in Sources */,
			);
			runOnlyForDeploymentPostprocessing = 0;
		};
/* End PBXSourcesBuildPhase section */

/* Begin PBXVariantGroup section */
		AC769A7F20E19C8900DF7484 /* Main.storyboard */ = {
			isa = PBXVariantGroup;
			children = (
				AC769A8020E19C8900DF7484 /* Base */,
			);
			name = Main.storyboard;
			sourceTree = "<group>";
		};
		AC769A8420E19C8B00DF7484 /* LaunchScreen.storyboard */ = {
			isa = PBXVariantGroup;
			children = (
				AC769A8520E19C8B00DF7484 /* Base */,
			);
			name = LaunchScreen.storyboard;
			sourceTree = "<group>";
		};
/* End PBXVariantGroup section */

/* Begin XCBuildConfiguration section */
		AC769A8820E19C8B00DF7484 /* Debug */ = {
			isa = XCBuildConfiguration;
			buildSettings = {
				ALWAYS_SEARCH_USER_PATHS = NO;
				CLANG_ANALYZER_NONNULL = YES;
				CLANG_ANALYZER_NUMBER_OBJECT_CONVERSION = YES_AGGRESSIVE;
				CLANG_CXX_LANGUAGE_STANDARD = "gnu++14";
				CLANG_CXX_LIBRARY = "libc++";
				CLANG_ENABLE_MODULES = YES;
				CLANG_ENABLE_OBJC_ARC = YES;
				CLANG_ENABLE_OBJC_WEAK = YES;
				CLANG_WARN_BLOCK_CAPTURE_AUTORELEASING = YES;
				CLANG_WARN_BOOL_CONVERSION = YES;
				CLANG_WARN_COMMA = YES;
				CLANG_WARN_CONSTANT_CONVERSION = YES;
				CLANG_WARN_DEPRECATED_OBJC_IMPLEMENTATIONS = YES;
				CLANG_WARN_DIRECT_OBJC_ISA_USAGE = YES_ERROR;
				CLANG_WARN_DOCUMENTATION_COMMENTS = YES;
				CLANG_WARN_EMPTY_BODY = YES;
				CLANG_WARN_ENUM_CONVERSION = YES;
				CLANG_WARN_INFINITE_RECURSION = YES;
				CLANG_WARN_INT_CONVERSION = YES;
				CLANG_WARN_NON_LITERAL_NULL_CONVERSION = YES;
				CLANG_WARN_OBJC_IMPLICIT_RETAIN_SELF = YES;
				CLANG_WARN_OBJC_LITERAL_CONVERSION = YES;
				CLANG_WARN_OBJC_ROOT_CLASS = YES_ERROR;
				CLANG_WARN_RANGE_LOOP_ANALYSIS = YES;
				CLANG_WARN_STRICT_PROTOTYPES = YES;
				CLANG_WARN_SUSPICIOUS_MOVE = YES;
				CLANG_WARN_UNGUARDED_AVAILABILITY = YES_AGGRESSIVE;
				CLANG_WARN_UNREACHABLE_CODE = YES;
				CLANG_WARN__DUPLICATE_METHOD_MATCH = YES;
				CODE_SIGN_IDENTITY = "iPhone Developer";
				COPY_PHASE_STRIP = NO;
				DEBUG_INFORMATION_FORMAT = dwarf;
				ENABLE_STRICT_OBJC_MSGSEND = YES;
				ENABLE_TESTABILITY = YES;
				GCC_C_LANGUAGE_STANDARD = gnu11;
				GCC_DYNAMIC_NO_PIC = NO;
				GCC_NO_COMMON_BLOCKS = YES;
				GCC_OPTIMIZATION_LEVEL = 0;
				GCC_PREPROCESSOR_DEFINITIONS = (
					"DEBUG=1",
					"$(inherited)",
				);
				GCC_WARN_64_TO_32_BIT_CONVERSION = YES;
				GCC_WARN_ABOUT_RETURN_TYPE = YES_ERROR;
				GCC_WARN_UNDECLARED_SELECTOR = YES;
				GCC_WARN_UNINITIALIZED_AUTOS = YES_AGGRESSIVE;
				GCC_WARN_UNUSED_FUNCTION = YES;
				GCC_WARN_UNUSED_VARIABLE = YES;
				IPHONEOS_DEPLOYMENT_TARGET = 11.4;
				MTL_ENABLE_DEBUG_INFO = YES;
				ONLY_ACTIVE_ARCH = YES;
				SDKROOT = iphoneos;
				SWIFT_ACTIVE_COMPILATION_CONDITIONS = DEBUG;
				SWIFT_OPTIMIZATION_LEVEL = "-Onone";
			};
			name = Debug;
		};
		AC769A8920E19C8B00DF7484 /* Release */ = {
			isa = XCBuildConfiguration;
			buildSettings = {
				ALWAYS_SEARCH_USER_PATHS = NO;
				CLANG_ANALYZER_NONNULL = YES;
				CLANG_ANALYZER_NUMBER_OBJECT_CONVERSION = YES_AGGRESSIVE;
				CLANG_CXX_LANGUAGE_STANDARD = "gnu++14";
				CLANG_CXX_LIBRARY = "libc++";
				CLANG_ENABLE_MODULES = YES;
				CLANG_ENABLE_OBJC_ARC = YES;
				CLANG_ENABLE_OBJC_WEAK = YES;
				CLANG_WARN_BLOCK_CAPTURE_AUTORELEASING = YES;
				CLANG_WARN_BOOL_CONVERSION = YES;
				CLANG_WARN_COMMA = YES;
				CLANG_WARN_CONSTANT_CONVERSION = YES;
				CLANG_WARN_DEPRECATED_OBJC_IMPLEMENTATIONS = YES;
				CLANG_WARN_DIRECT_OBJC_ISA_USAGE = YES_ERROR;
				CLANG_WARN_DOCUMENTATION_COMMENTS = YES;
				CLANG_WARN_EMPTY_BODY = YES;
				CLANG_WARN_ENUM_CONVERSION = YES;
				CLANG_WARN_INFINITE_RECURSION = YES;
				CLANG_WARN_INT_CONVERSION = YES;
				CLANG_WARN_NON_LITERAL_NULL_CONVERSION = YES;
				CLANG_WARN_OBJC_IMPLICIT_RETAIN_SELF = YES;
				CLANG_WARN_OBJC_LITERAL_CONVERSION = YES;
				CLANG_WARN_OBJC_ROOT_CLASS = YES_ERROR;
				CLANG_WARN_RANGE_LOOP_ANALYSIS = YES;
				CLANG_WARN_STRICT_PROTOTYPES = YES;
				CLANG_WARN_SUSPICIOUS_MOVE = YES;
				CLANG_WARN_UNGUARDED_AVAILABILITY = YES_AGGRESSIVE;
				CLANG_WARN_UNREACHABLE_CODE = YES;
				CLANG_WARN__DUPLICATE_METHOD_MATCH = YES;
				CODE_SIGN_IDENTITY = "iPhone Developer";
				COPY_PHASE_STRIP = NO;
				DEBUG_INFORMATION_FORMAT = "dwarf-with-dsym";
				ENABLE_NS_ASSERTIONS = NO;
				ENABLE_STRICT_OBJC_MSGSEND = YES;
				GCC_C_LANGUAGE_STANDARD = gnu11;
				GCC_NO_COMMON_BLOCKS = YES;
				GCC_WARN_64_TO_32_BIT_CONVERSION = YES;
				GCC_WARN_ABOUT_RETURN_TYPE = YES_ERROR;
				GCC_WARN_UNDECLARED_SELECTOR = YES;
				GCC_WARN_UNINITIALIZED_AUTOS = YES_AGGRESSIVE;
				GCC_WARN_UNUSED_FUNCTION = YES;
				GCC_WARN_UNUSED_VARIABLE = YES;
				IPHONEOS_DEPLOYMENT_TARGET = 11.4;
				MTL_ENABLE_DEBUG_INFO = NO;
				SDKROOT = iphoneos;
				SWIFT_COMPILATION_MODE = wholemodule;
				SWIFT_OPTIMIZATION_LEVEL = "-O";
				VALIDATE_PRODUCT = YES;
			};
			name = Release;
		};
		AC769A8B20E19C8B00DF7484 /* Debug */ = {
			isa = XCBuildConfiguration;
			buildSettings = {
				ASSETCATALOG_COMPILER_APPICON_NAME = AppIcon;
				CODE_SIGN_STYLE = Automatic;
				DEVELOPMENT_TEAM = W8QQ885R5K;
				INFOPLIST_FILE = ImageDownloader/Info.plist;
				IPHONEOS_DEPLOYMENT_TARGET = 11.0;
				LD_RUNPATH_SEARCH_PATHS = (
					"$(inherited)",
					"@executable_path/Frameworks",
				);
				PRODUCT_BUNDLE_IDENTIFIER = com.artemmysik.imagedownloader.ImageDownloader;
				PRODUCT_NAME = "$(TARGET_NAME)";
				SWIFT_VERSION = 4.0;
				TARGETED_DEVICE_FAMILY = "1,2";
			};
			name = Debug;
		};
		AC769A8C20E19C8B00DF7484 /* Release */ = {
			isa = XCBuildConfiguration;
			buildSettings = {
				ASSETCATALOG_COMPILER_APPICON_NAME = AppIcon;
				CODE_SIGN_STYLE = Automatic;
				DEVELOPMENT_TEAM = W8QQ885R5K;
				INFOPLIST_FILE = ImageDownloader/Info.plist;
				IPHONEOS_DEPLOYMENT_TARGET = 11.0;
				LD_RUNPATH_SEARCH_PATHS = (
					"$(inherited)",
					"@executable_path/Frameworks",
				);
				PRODUCT_BUNDLE_IDENTIFIER = com.artemmysik.imagedownloader.ImageDownloader;
				PRODUCT_NAME = "$(TARGET_NAME)";
				SWIFT_VERSION = 4.0;
				TARGETED_DEVICE_FAMILY = "1,2";
			};
			name = Release;
		};
/* End XCBuildConfiguration section */

/* Begin XCConfigurationList section */
		AC769A7320E19C8900DF7484 /* Build configuration list for PBXProject "ImageDownloader" */ = {
			isa = XCConfigurationList;
			buildConfigurations = (
				AC769A8820E19C8B00DF7484 /* Debug */,
				AC769A8920E19C8B00DF7484 /* Release */,
			);
			defaultConfigurationIsVisible = 0;
			defaultConfigurationName = Release;
		};
		AC769A8A20E19C8B00DF7484 /* Build configuration list for PBXNativeTarget "ImageDownloader" */ = {
			isa = XCConfigurationList;
			buildConfigurations = (
				AC769A8B20E19C8B00DF7484 /* Debug */,
				AC769A8C20E19C8B00DF7484 /* Release */,
			);
			defaultConfigurationIsVisible = 0;
			defaultConfigurationName = Release;
		};
/* End XCConfigurationList section */
	};
	rootObject = AC769A7020E19C8900DF7484 /* Project object */;
}
